<?xml version="1.0" encoding="utf-8"?>
<Project ToolsVersion="4.0" xmlns="http://schemas.microsoft.com/developer/msbuild/2003">
  <ItemGroup>
    <Filter Include="ソース ファイル">
      <UniqueIdentifier>{4FC737F1-C7A5-4376-A066-2A32D752A2FF}</UniqueIdentifier>
      <Extensions>cpp;c;cc;cxx;c++;cppm;ixx;def;odl;idl;hpj;bat;asm;asmx</Extensions>
    </Filter>
    <Filter Include="ヘッダー ファイル">
      <UniqueIdentifier>{93995380-89BD-4b04-88EB-625FBE52EBFB}</UniqueIdentifier>
      <Extensions>h;hh;hpp;hxx;h++;hm;inl;inc;ipp;xsd</Extensions>
    </Filter>
    <Filter Include="リソース ファイル">
      <UniqueIdentifier>{67DA6AB6-F800-4c08-8B7A-83BB121AAD01}</UniqueIdentifier>
      <Extensions>rc;ico;cur;bmp;dlg;rc2;rct;bin;rgs;gif;jpg;jpeg;jpe;resx;tiff;tif;png;wav;mfcribbon-ms</Extensions>
    </Filter>
    <Filter Include="include">
      <UniqueIdentifier>{f1f363db-5562-4e01-bbc9-4a7c3eac032c}</UniqueIdentifier>
    </Filter>
    <Filter Include="Bridge">
      <UniqueIdentifier>{0b5d32b2-9642-470a-b2a9-314ea51939c2}</UniqueIdentifier>
    </Filter>
    <Filter Include="examples">
      <UniqueIdentifier>{003729bc-29f1-4234-ada8-25832f1236a8}</UniqueIdentifier>
    </Filter>
  </ItemGroup>
  <ItemGroup>
    <ClCompile Include="source\Window.cpp">
      <Filter>ソース ファイル</Filter>
    </ClCompile>
    <ClCompile Include="source\Graphics.cpp">
      <Filter>ソース ファイル</Filter>
    </ClCompile>
    <ClCompile Include="source\Helper.cpp">
      <Filter>ソース ファイル</Filter>
    </ClCompile>
    <ClCompile Include="source\Utility.cpp">
      <Filter>ソース ファイル</Filter>
    </ClCompile>
    <ClCompile Include="source\Keyboard.cpp">
      <Filter>ソース ファイル</Filter>
    </ClCompile>
    <ClCompile Include="source\Audio.cpp">
      <Filter>ソース ファイル</Filter>
    </ClCompile>
    <ClCompile Include="source\Audio2.cpp">
      <Filter>ソース ファイル</Filter>
    </ClCompile>
    <ClCompile Include="source\AudioFormat.cpp">
      <Filter>ソース ファイル</Filter>
    </ClCompile>
    <ClCompile Include="source\AudioResource.cpp">
      <Filter>ソース ファイル</Filter>
    </ClCompile>
    <ClCompile Include="examples\audio2-sample.cpp">
      <Filter>examples</Filter>
    </ClCompile>
    <ClCompile Include="examples\auduo-sample.cpp">
      <Filter>examples</Filter>
    </ClCompile>
    <ClCompile Include="examples\game_input-sample.cpp">
      <Filter>examples</Filter>
    </ClCompile>
    <ClCompile Include="examples\game-sample.cpp">
      <Filter>examples</Filter>
    </ClCompile>
    <ClCompile Include="examples\graphics-sample.cpp">
      <Filter>examples</Filter>
    </ClCompile>
    <ClCompile Include="examples\image-sample.cpp">
      <Filter>examples</Filter>
    </ClCompile>
    <ClCompile Include="examples\keyInput-sample.cpp">
      <Filter>examples</Filter>
    </ClCompile>
    <ClCompile Include="examples\window-sample.cpp">
      <Filter>examples</Filter>
    </ClCompile>
    <ClCompile Include="examples\window_input-sample.cpp">
      <Filter>examples</Filter>
    </ClCompile>
  </ItemGroup>
  <ItemGroup>
    <FxCompile Include="VertexShader.hlsl" />
    <FxCompile Include="PixelShader.hlsl" />
  </ItemGroup>
  <ItemGroup>
    <ClInclude Include="include\Graphics.h">
      <Filter>include</Filter>
    </ClInclude>
    <ClInclude Include="include\Library.h">
      <Filter>include</Filter>
    </ClInclude>
    <ClInclude Include="include\Macros.h">
      <Filter>include</Filter>
    </ClInclude>
    <ClInclude Include="include\Window.h">
      <Filter>include</Filter>
    </ClInclude>
    <ClInclude Include="include\Audio.h">
      <Filter>include</Filter>
    </ClInclude>
    <ClInclude Include="include\Keyboard.h">
      <Filter>include</Filter>
    </ClInclude>
    <ClInclude Include="include\Helper.h">
      <Filter>include</Filter>
    </ClInclude>
    <ClInclude Include="include\audio_impl.h">
      <Filter>include</Filter>
    </ClInclude>
    <ClInclude Include="include\Utility.h">
      <Filter>include</Filter>
    </ClInclude>
    <ClInclude Include="include\Audio2.h">
      <Filter>include</Filter>
    </ClInclude>
    <ClInclude Include="include\AudioFormat.h">
      <Filter>include</Filter>
    </ClInclude>
    <ClInclude Include="include\AudioResource.h">
      <Filter>include</Filter>
    </ClInclude>
    <ClInclude Include="bridge\Graphics.h">
      <Filter>Bridge</Filter>
    </ClInclude>
    <ClInclude Include="include\Pointer.h">
      <Filter>include</Filter>
    </ClInclude>
  </ItemGroup>
</Project>